{
    "_readme": [
        "This file locks the dependencies of your project to a known state",
        "Read more about it at http://getcomposer.org/doc/01-basic-usage.md#composer-lock-the-lock-file",
        "This file is @generated automatically"
    ],
    "hash": "96f6591c65873a339c3f5e7931d59142",
    "packages": [
        {
            "name": "jaspion",
            "version": "dev-master",
            "source": {
                "type": "git",
                "url": "https://github.com/gilmario-kpslow/jaspion.git",
                "reference": "7e4716b090cfeafefcb7f2abc751a7882fc54dc7"
            },
            "dist": {
                "type": "zip",
                "url": "https://api.github.com/repos/gilmario-kpslow/jaspion/zipball/7e4716b090cfeafefcb7f2abc751a7882fc54dc7",
                "reference": "7e4716b090cfeafefcb7f2abc751a7882fc54dc7",
                "shasum": ""
            },
            "require": {
                "php": ">=5.3"
            },
            "type": "library",
            "autoload": {
                "psr-0": {
                    "jaspion\\": "/"
                }
            },
            "authors": [
                {
                    "name": "José Gilmário da Costa Batista",
                    "email": "gilmariosoftware@gmail.com"
                },
                {
                    "name": "Antonio Allan",
                    "email": "antonioallansantos@gmail.com"
                }
            ],
            "description": "Uma Framework leve em PHP",
            "keywords": [
                "framework"
            ],
            "support": {
                "source": "https://github.com/gilmario-kpslow/jaspion/tree/master",
                "issues": "https://github.com/gilmario-kpslow/jaspion/issues"
            },
            "time": "2014-06-30 00:59:23"
        }
    ],
    "packages-dev": [

    ],
    "aliases": [

    ],
    "minimum-stability": "dev",
    "stability-flags": {
        "jaspion": 20
    },
    "platform": [

    ],
    "platform-dev": [

    ]
}
